
Microsoft Visual Studio Solution File, Format Version 12.00
# Visual Studio Version 16
VisualStudioVersion = 16.0.29911.84
MinimumVisualStudioVersion = 10.0.40219.1
Project("{FAE04EC0-301F-11D3-BF4B-00C04F79EFBC}") = "Jbnu_Calendar", "Jbnu_Calendar\Jbnu_Calendar.csproj", "{FBE3A829-D5EA-4B39-AFB6-45DF0576C03E}"
EndProject
Global
	GlobalSection(SolutionConfigurationPlatforms) = preSolution
		Debug|Any CPU = Debug|Any CPU
		Release|Any CPU = Release|Any CPU
	EndGlobalSection
	GlobalSection(ProjectConfigurationPlatforms) = postSolution
		{FBE3A829-D5EA-4B39-AFB6-45DF0576C03E}.Debug|Any CPU.ActiveCfg = Debug|Any CPU
		{FBE3A829-D5EA-4B39-AFB6-45DF0576C03E}.Debug|Any CPU.Build.0 = Debug|Any CPU
		{FBE3A829-D5EA-4B39-AFB6-45DF0576C03E}.Release|Any CPU.ActiveCfg = Release|Any CPU
		{FBE3A829-D5EA-4B39-AFB6-45DF0576C03E}.Release|Any CPU.Build.0 = Release|Any CPU
	EndGlobalSection
	GlobalSection(SolutionProperties) = preSolution
		HideSolutionNode = FALSE
	EndGlobalSection
	GlobalSection(ExtensibilityGlobals) = postSolution
		SolutionGuid = {8B6A9DFD-F3BE-4049-8F2D-DDF66822DC50}
	EndGlobalSection
EndGlobal
